
Microsoft Visual Studio Solution File, Format Version 12.00
# Visual Studio Version 17
VisualStudioVersion = 17.14.36401.2
MinimumVisualStudioVersion = 10.0.40219.1
Project("{2150E333-8FDC-42A3-9474-1A3956D46DE8}") = "Unidad 1", "Unidad 1", "{02EA681E-C7D8-13C7-8484-4AC65E1B71E8}"
EndProject
Project("{FAE04EC0-301F-11D3-BF4B-00C04F79EFBC}") = "TP 1", "TP 1\TP 1.csproj", "{EF039588-80EC-42E8-B224-04428C76F98A}"
EndProject
Project("{FAE04EC0-301F-11D3-BF4B-00C04F79EFBC}") = "TP 2", "TP 2\TP 2.csproj", "{604183C0-079E-48BA-B35C-85BF5B0732B5}"
EndProject
Project("{FAE04EC0-301F-11D3-BF4B-00C04F79EFBC}") = "TP 3 CRUD ADO", "TP 3 CRUD\TP 3 CRUD ADO.csproj", "{6A02920F-953E-4770-B502-32F41D5DE81A}"
EndProject
Project("{FAE04EC0-301F-11D3-BF4B-00C04F79EFBC}") = "TP 4 CRUD DATA SET", "TP 4 CRUD DATA SET\TP 4 CRUD DATA SET.csproj", "{512CCC89-020A-429A-A853-B3272E332963}"
EndProject
Project("{FAE04EC0-301F-11D3-BF4B-00C04F79EFBC}") = "TP 5 CRUD ENTITY", "TP 5 CRUD ENTITY\TP 5 CRUD ENTITY.csproj", "{2E227DDC-732E-4469-B454-4650BCC8CD42}"
EndProject
Project("{FAE04EC0-301F-11D3-BF4B-00C04F79EFBC}") = "Repaso ADO.NET", "Repaso ADO.NET\Repaso ADO.NET.csproj", "{AA9F5550-E705-422F-93FF-61433EBBB870}"
EndProject
Project("{FAE04EC0-301F-11D3-BF4B-00C04F79EFBC}") = "Repaso ENTITYFW", "Repaso ENTITYFW\Repaso ENTITYFW.csproj", "{D3CABF1E-34E0-4EFF-AD20-BB3A2FBEE922}"
EndProject
Project("{FAE04EC0-301F-11D3-BF4B-00C04F79EFBC}") = "ado_multiplestablas", "..\ado_multiplestablas\ado_multiplestablas\ado_multiplestablas.csproj", "{10F6E280-4773-4042-A6D7-8EDFEEA57EF9}"
EndProject
Global
	GlobalSection(SolutionConfigurationPlatforms) = preSolution
		Debug|Any CPU = Debug|Any CPU
		Release|Any CPU = Release|Any CPU
	EndGlobalSection
	GlobalSection(ProjectConfigurationPlatforms) = postSolution
		{EF039588-80EC-42E8-B224-04428C76F98A}.Debug|Any CPU.ActiveCfg = Debug|Any CPU
		{EF039588-80EC-42E8-B224-04428C76F98A}.Debug|Any CPU.Build.0 = Debug|Any CPU
		{EF039588-80EC-42E8-B224-04428C76F98A}.Release|Any CPU.ActiveCfg = Release|Any CPU
		{EF039588-80EC-42E8-B224-04428C76F98A}.Release|Any CPU.Build.0 = Release|Any CPU
		{604183C0-079E-48BA-B35C-85BF5B0732B5}.Debug|Any CPU.ActiveCfg = Debug|Any CPU
		{604183C0-079E-48BA-B35C-85BF5B0732B5}.Debug|Any CPU.Build.0 = Debug|Any CPU
		{604183C0-079E-48BA-B35C-85BF5B0732B5}.Release|Any CPU.ActiveCfg = Release|Any CPU
		{604183C0-079E-48BA-B35C-85BF5B0732B5}.Release|Any CPU.Build.0 = Release|Any CPU
		{6A02920F-953E-4770-B502-32F41D5DE81A}.Debug|Any CPU.ActiveCfg = Debug|Any CPU
		{6A02920F-953E-4770-B502-32F41D5DE81A}.Debug|Any CPU.Build.0 = Debug|Any CPU
		{6A02920F-953E-4770-B502-32F41D5DE81A}.Release|Any CPU.ActiveCfg = Release|Any CPU
		{6A02920F-953E-4770-B502-32F41D5DE81A}.Release|Any CPU.Build.0 = Release|Any CPU
		{512CCC89-020A-429A-A853-B3272E332963}.Debug|Any CPU.ActiveCfg = Debug|Any CPU
		{512CCC89-020A-429A-A853-B3272E332963}.Debug|Any CPU.Build.0 = Debug|Any CPU
		{512CCC89-020A-429A-A853-B3272E332963}.Release|Any CPU.ActiveCfg = Release|Any CPU
		{512CCC89-020A-429A-A853-B3272E332963}.Release|Any CPU.Build.0 = Release|Any CPU
		{2E227DDC-732E-4469-B454-4650BCC8CD42}.Debug|Any CPU.ActiveCfg = Debug|Any CPU
		{2E227DDC-732E-4469-B454-4650BCC8CD42}.Debug|Any CPU.Build.0 = Debug|Any CPU
		{2E227DDC-732E-4469-B454-4650BCC8CD42}.Release|Any CPU.ActiveCfg = Release|Any CPU
		{2E227DDC-732E-4469-B454-4650BCC8CD42}.Release|Any CPU.Build.0 = Release|Any CPU
		{AA9F5550-E705-422F-93FF-61433EBBB870}.Debug|Any CPU.ActiveCfg = Debug|Any CPU
		{AA9F5550-E705-422F-93FF-61433EBBB870}.Debug|Any CPU.Build.0 = Debug|Any CPU
		{AA9F5550-E705-422F-93FF-61433EBBB870}.Release|Any CPU.ActiveCfg = Release|Any CPU
		{AA9F5550-E705-422F-93FF-61433EBBB870}.Release|Any CPU.Build.0 = Release|Any CPU
		{D3CABF1E-34E0-4EFF-AD20-BB3A2FBEE922}.Debug|Any CPU.ActiveCfg = Debug|Any CPU
		{D3CABF1E-34E0-4EFF-AD20-BB3A2FBEE922}.Debug|Any CPU.Build.0 = Debug|Any CPU
		{D3CABF1E-34E0-4EFF-AD20-BB3A2FBEE922}.Release|Any CPU.ActiveCfg = Release|Any CPU
		{D3CABF1E-34E0-4EFF-AD20-BB3A2FBEE922}.Release|Any CPU.Build.0 = Release|Any CPU
		{10F6E280-4773-4042-A6D7-8EDFEEA57EF9}.Debug|Any CPU.ActiveCfg = Debug|Any CPU
		{10F6E280-4773-4042-A6D7-8EDFEEA57EF9}.Debug|Any CPU.Build.0 = Debug|Any CPU
		{10F6E280-4773-4042-A6D7-8EDFEEA57EF9}.Release|Any CPU.ActiveCfg = Release|Any CPU
		{10F6E280-4773-4042-A6D7-8EDFEEA57EF9}.Release|Any CPU.Build.0 = Release|Any CPU
	EndGlobalSection
	GlobalSection(SolutionProperties) = preSolution
		HideSolutionNode = FALSE
	EndGlobalSection
	GlobalSection(NestedProjects) = preSolution
		{EF039588-80EC-42E8-B224-04428C76F98A} = {02EA681E-C7D8-13C7-8484-4AC65E1B71E8}
		{604183C0-079E-48BA-B35C-85BF5B0732B5} = {02EA681E-C7D8-13C7-8484-4AC65E1B71E8}
		{6A02920F-953E-4770-B502-32F41D5DE81A} = {02EA681E-C7D8-13C7-8484-4AC65E1B71E8}
		{512CCC89-020A-429A-A853-B3272E332963} = {02EA681E-C7D8-13C7-8484-4AC65E1B71E8}
		{2E227DDC-732E-4469-B454-4650BCC8CD42} = {02EA681E-C7D8-13C7-8484-4AC65E1B71E8}
		{AA9F5550-E705-422F-93FF-61433EBBB870} = {02EA681E-C7D8-13C7-8484-4AC65E1B71E8}
		{D3CABF1E-34E0-4EFF-AD20-BB3A2FBEE922} = {02EA681E-C7D8-13C7-8484-4AC65E1B71E8}
		{10F6E280-4773-4042-A6D7-8EDFEEA57EF9} = {02EA681E-C7D8-13C7-8484-4AC65E1B71E8}
	EndGlobalSection
	GlobalSection(ExtensibilityGlobals) = postSolution
		SolutionGuid = {92BFC4BD-9AB1-4C61-98E2-C787FAC6C54B}
	EndGlobalSection
EndGlobal
